PODS:
  - Kiwi (2.4.0)
  - TYLive2D (0.1.0)

DEPENDENCIES:
  - Kiwi
  - TYLive2D (from `../`)

EXTERNAL SOURCES:
  TYLive2D:
    :path: "../"

SPEC CHECKSUMS:
  Kiwi: f49c9d54b28917df5928fe44968a39ed198cb8a8
  TYLive2D: 70b8dda73917b7656cb5ea376c40640671bfadae

PODFILE CHECKSUM: dc69b3ac0d92299b6e3e4be033b9c5c9d12eda6a

COCOAPODS: 1.2.0
