PODS:
  - Kiwi (2.4.0)
  - TYLive2D (0.1.0)

DEPENDENCIES:
  - Kiwi
  - TYLive2D (from `../`)

EXTERNAL SOURCES:
  TYLive2D:
    :path: "../"

SPEC CHECKSUMS:
  Kiwi: f49c9d54b28917df5928fe44968a39ed198cb8a8
  TYLive2D: 26b034e806e03765a8824de98b2acf49ea0aa242

PODFILE CHECKSUM: 37e18044275faacd0b2dcf86f2257efa1f2db510

COCOAPODS: 1.2.0
